{"is_source_file": false, "format": "", "description": "", "external_files": [], "external_methods": [], "published": [], "classes": [], "methods": [], "calls": [], "search-terms": [], "state": 2, "file_id": 25, "knowledge_revision": 57, "git_revision": "ee64df7414197d956d496093014099aaa665025b", "hash": "fe4c1b17910bcf2738bc7d4ed110d086", "format-version": 4, "code-base-name": "frontend_flutter_app", "filename": "frontend_flutter_app/pubspec.lock", "revision_history": [{"57": "ee64df7414197d956d496093014099aaa665025b"}]}