{"is_source_file": false, "format": "", "description": "", "external_files": [], "external_methods": [], "published": [], "classes": [], "methods": [], "calls": [], "search-terms": [], "state": 2, "file_id": 30, "knowledge_revision": 61, "git_revision": "ee64df7414197d956d496093014099aaa665025b", "hash": "e9b4c3b42cef0193b7fddb548d37e652", "format-version": 4, "code-base-name": "frontend_flutter_app", "filename": "frontend_flutter_app/post_process_status.lock", "revision_history": [{"61": "ee64df7414197d956d496093014099aaa665025b"}]}